// !$*UTF8*$!
{
	archiveVersion = 1;
	classes = {
	};
	objectVersion = 46;
	objects = {

/* Begin PBXBuildFile section */
		2A927444191A1BFB001F56FF /* view1.m in Sources */ = {isa = PBXBuildFile; fileRef = 2A927443191A1BFB001F56FF /* view1.m */; };
		2A927448191A1C09001F56FF /* view2.m in Sources */ = {isa = PBXBuildFile; fileRef = 2A927447191A1C09001F56FF /* view2.m */; };
		2A9A9C2319175C9600783F5E /* UIKit.framework in Frameworks */ = {isa = PBXBuildFile; fileRef = 2A9A9C2219175C9600783F5E /* UIKit.framework */; };
		2A9A9C2519175C9600783F5E /* Foundation.framework in Frameworks */ = {isa = PBXBuildFile; fileRef = 2A9A9C2419175C9600783F5E /* Foundation.framework */; };
		2A9A9C2719175C9600783F5E /* CoreGraphics.framework in Frameworks */ = {isa = PBXBuildFile; fileRef = 2A9A9C2619175C9600783F5E /* CoreGraphics.framework */; };
		2A9A9C2D19175C9600783F5E /* InfoPlist.strings in Resources */ = {isa = PBXBuildFile; fileRef = 2A9A9C2B19175C9600783F5E /* InfoPlist.strings */; };
		2A9A9C2F19175C9600783F5E /* main.m in Sources */ = {isa = PBXBuildFile; fileRef = 2A9A9C2E19175C9600783F5E /* main.m */; };
		2A9A9C3319175C9600783F5E /* AppDelegate.m in Sources */ = {isa = PBXBuildFile; fileRef = 2A9A9C3219175C9600783F5E /* AppDelegate.m */; };
		2A9A9C3619175C9600783F5E /* MainStoryboard.storyboard in Resources */ = {isa = PBXBuildFile; fileRef = 2A9A9C3419175C9600783F5E /* MainStoryboard.storyboard */; };
		2A9A9C3919175C9600783F5E /* ViewController.m in Sources */ = {isa = PBXBuildFile; fileRef = 2A9A9C3819175C9600783F5E /* ViewController.m */; };
		2A9A9C4119175C9600783F5E /* SenTestingKit.framework in Frameworks */ = {isa = PBXBuildFile; fileRef = 2A9A9C4019175C9600783F5E /* SenTestingKit.framework */; };
		2A9A9C4219175C9600783F5E /* UIKit.framework in Frameworks */ = {isa = PBXBuildFile; fileRef = 2A9A9C2219175C9600783F5E /* UIKit.framework */; };
		2A9A9C4319175C9600783F5E /* Foundation.framework in Frameworks */ = {isa = PBXBuildFile; fileRef = 2A9A9C2419175C9600783F5E /* Foundation.framework */; };
		2A9A9C4B19175C9600783F5E /* InfoPlist.strings in Resources */ = {isa = PBXBuildFile; fileRef = 2A9A9C4919175C9600783F5E /* InfoPlist.strings */; };
		2A9A9C4E19175C9600783F5E /* TestappTests.m in Sources */ = {isa = PBXBuildFile; fileRef = 2A9A9C4D19175C9600783F5E /* TestappTests.m */; };
/* End PBXBuildFile section */

/* Begin PBXContainerItemProxy section */
		2A9A9C4419175C9600783F5E /* PBXContainerItemProxy */ = {
			isa = PBXContainerItemProxy;
			containerPortal = 2A9A9C1519175C9400783F5E /* Project object */;
			proxyType = 1;
			remoteGlobalIDString = 2A9A9C1D19175C9500783F5E;
			remoteInfo = Testapp;
		};
/* End PBXContainerItemProxy section */

/* Begin PBXFileReference section */
		2A927442191A1BFB001F56FF /* view1.h */ = {isa = PBXFileReference; fileEncoding = 4; lastKnownFileType = sourcecode.c.h; path = view1.h; sourceTree = "<group>"; };
		2A927443191A1BFB001F56FF /* view1.m */ = {isa = PBXFileReference; fileEncoding = 4; lastKnownFileType = sourcecode.c.objc; path = view1.m; sourceTree = "<group>"; };
		2A927446191A1C09001F56FF /* view2.h */ = {isa = PBXFileReference; fileEncoding = 4; lastKnownFileType = sourcecode.c.h; path = view2.h; sourceTree = "<group>"; };
		2A927447191A1C09001F56FF /* view2.m */ = {isa = PBXFileReference; fileEncoding = 4; lastKnownFileType = sourcecode.c.objc; path = view2.m; sourceTree = "<group>"; };
		2A9A9C1E19175C9500783F5E /* Testapp.app */ = {isa = PBXFileReference; explicitFileType = wrapper.application; includeInIndex = 0; path = Testapp.app; sourceTree = BUILT_PRODUCTS_DIR; };
		2A9A9C2219175C9600783F5E /* UIKit.framework */ = {isa = PBXFileReference; lastKnownFileType = wrapper.framework; name = UIKit.framework; path = System/Library/Frameworks/UIKit.framework; sourceTree = SDKROOT; };
		2A9A9C2419175C9600783F5E /* Foundation.framework */ = {isa = PBXFileReference; lastKnownFileType = wrapper.framework; name = Foundation.framework; path = System/Library/Frameworks/Foundation.framework; sourceTree = SDKROOT; };
		2A9A9C2619175C9600783F5E /* CoreGraphics.framework */ = {isa = PBXFileReference; lastKnownFileType = wrapper.framework; name = CoreGraphics.framework; path = System/Library/Frameworks/CoreGraphics.framework; sourceTree = SDKROOT; };
		2A9A9C2A19175C9600783F5E /* Testapp-Info.plist */ = {isa = PBXFileReference; lastKnownFileType = text.plist.xml; path = "Testapp-Info.plist"; sourceTree = "<group>"; };
		2A9A9C2C19175C9600783F5E /* en */ = {isa = PBXFileReference; lastKnownFileType = text.plist.strings; name = en; path = en.lproj/InfoPlist.strings; sourceTree = "<group>"; };
		2A9A9C2E19175C9600783F5E /* main.m */ = {isa = PBXFileReference; lastKnownFileType = sourcecode.c.objc; path = main.m; sourceTree = "<group>"; };
		2A9A9C3019175C9600783F5E /* Testapp-Prefix.pch */ = {isa = PBXFileReference; lastKnownFileType = sourcecode.c.h; path = "Testapp-Prefix.pch"; sourceTree = "<group>"; };
		2A9A9C3119175C9600783F5E /* AppDelegate.h */ = {isa = PBXFileReference; lastKnownFileType = sourcecode.c.h; path = AppDelegate.h; sourceTree = "<group>"; };
		2A9A9C3219175C9600783F5E /* AppDelegate.m */ = {isa = PBXFileReference; lastKnownFileType = sourcecode.c.objc; path = AppDelegate.m; sourceTree = "<group>"; };
		2A9A9C3519175C9600783F5E /* en */ = {isa = PBXFileReference; lastKnownFileType = file.storyboard; name = en; path = en.lproj/MainStoryboard.storyboard; sourceTree = "<group>"; };
		2A9A9C3719175C9600783F5E /* ViewController.h */ = {isa = PBXFileReference; lastKnownFileType = sourcecode.c.h; path = ViewController.h; sourceTree = "<group>"; };
		2A9A9C3819175C9600783F5E /* ViewController.m */ = {isa = PBXFileReference; lastKnownFileType = sourcecode.c.objc; path = ViewController.m; sourceTree = "<group>"; };
		2A9A9C3F19175C9600783F5E /* TestappTests.octest */ = {isa = PBXFileReference; explicitFileType = wrapper.cfbundle; includeInIndex = 0; path = TestappTests.octest; sourceTree = BUILT_PRODUCTS_DIR; };
		2A9A9C4019175C9600783F5E /* SenTestingKit.framework */ = {isa = PBXFileReference; lastKnownFileType = wrapper.framework; name = SenTestingKit.framework; path = Library/Frameworks/SenTestingKit.framework; sourceTree = DEVELOPER_DIR; };
		2A9A9C4819175C9600783F5E /* TestappTests-Info.plist */ = {isa = PBXFileReference; lastKnownFileType = text.plist.xml; path = "TestappTests-Info.plist"; sourceTree = "<group>"; };
		2A9A9C4A19175C9600783F5E /* en */ = {isa = PBXFileReference; lastKnownFileType = text.plist.strings; name = en; path = en.lproj/InfoPlist.strings; sourceTree = "<group>"; };
		2A9A9C4C19175C9600783F5E /* TestappTests.h */ = {isa = PBXFileReference; lastKnownFileType = sourcecode.c.h; path = TestappTests.h; sourceTree = "<group>"; };
		2A9A9C4D19175C9600783F5E /* TestappTests.m */ = {isa = PBXFileReference; lastKnownFileType = sourcecode.c.objc; path = TestappTests.m; sourceTree = "<group>"; };
/* End PBXFileReference section */

/* Begin PBXFrameworksBuildPhase section */
		2A9A9C1B19175C9500783F5E /* Frameworks */ = {
			isa = PBXFrameworksBuildPhase;
			buildActionMask = 2147483647;
			files = (
				2A9A9C2319175C9600783F5E /* UIKit.framework in Frameworks */,
				2A9A9C2519175C9600783F5E /* Foundation.framework in Frameworks */,
				2A9A9C2719175C9600783F5E /* CoreGraphics.framework in Frameworks */,
			);
			runOnlyForDeploymentPostprocessing = 0;
		};
		2A9A9C3B19175C9600783F5E /* Frameworks */ = {
			isa = PBXFrameworksBuildPhase;
			buildActionMask = 2147483647;
			files = (
				2A9A9C4119175C9600783F5E /* SenTestingKit.framework in Frameworks */,
				2A9A9C4219175C9600783F5E /* UIKit.framework in Frameworks */,
				2A9A9C4319175C9600783F5E /* Foundation.framework in Frameworks */,
			);
			runOnlyForDeploymentPostprocessing = 0;
		};
/* End PBXFrameworksBuildPhase section */

/* Begin PBXGroup section */
		2A9A9C1319175C9400783F5E = {
			isa = PBXGroup;
			children = (
				2A9A9C2819175C9600783F5E /* Testapp */,
				2A9A9C4619175C9600783F5E /* TestappTests */,
				2A9A9C2119175C9600783F5E /* Frameworks */,
				2A9A9C1F19175C9600783F5E /* Products */,
			);
			sourceTree = "<group>";
		};
		2A9A9C1F19175C9600783F5E /* Products */ = {
			isa = PBXGroup;
			children = (
				2A9A9C1E19175C9500783F5E /* Testapp.app */,
				2A9A9C3F19175C9600783F5E /* TestappTests.octest */,
			);
			name = Products;
			sourceTree = "<group>";
		};
		2A9A9C2119175C9600783F5E /* Frameworks */ = {
			isa = PBXGroup;
			children = (
				2A9A9C2219175C9600783F5E /* UIKit.framework */,
				2A9A9C2419175C9600783F5E /* Foundation.framework */,
				2A9A9C2619175C9600783F5E /* CoreGraphics.framework */,
				2A9A9C4019175C9600783F5E /* SenTestingKit.framework */,
			);
			name = Frameworks;
			sourceTree = "<group>";
		};
		2A9A9C2819175C9600783F5E /* Testapp */ = {
			isa = PBXGroup;
			children = (
				2A9A9C3119175C9600783F5E /* AppDelegate.h */,
				2A9A9C3219175C9600783F5E /* AppDelegate.m */,
				2A9A9C3419175C9600783F5E /* MainStoryboard.storyboard */,
				2A9A9C3719175C9600783F5E /* ViewController.h */,
				2A9A9C3819175C9600783F5E /* ViewController.m */,
				2A927442191A1BFB001F56FF /* view1.h */,
				2A927443191A1BFB001F56FF /* view1.m */,
				2A927446191A1C09001F56FF /* view2.h */,
				2A927447191A1C09001F56FF /* view2.m */,
				2A9A9C2919175C9600783F5E /* Supporting Files */,
			);
			path = Testapp;
			sourceTree = "<group>";
		};
		2A9A9C2919175C9600783F5E /* Supporting Files */ = {
			isa = PBXGroup;
			children = (
				2A9A9C2A19175C9600783F5E /* Testapp-Info.plist */,
				2A9A9C2B19175C9600783F5E /* InfoPlist.strings */,
				2A9A9C2E19175C9600783F5E /* main.m */,
				2A9A9C3019175C9600783F5E /* Testapp-Prefix.pch */,
			);
			name = "Supporting Files";
			sourceTree = "<group>";
		};
		2A9A9C4619175C9600783F5E /* TestappTests */ = {
			isa = PBXGroup;
			children = (
				2A9A9C4C19175C9600783F5E /* TestappTests.h */,
				2A9A9C4D19175C9600783F5E /* TestappTests.m */,
				2A9A9C4719175C9600783F5E /* Supporting Files */,
			);
			path = TestappTests;
			sourceTree = "<group>";
		};
		2A9A9C4719175C9600783F5E /* Supporting Files */ = {
			isa = PBXGroup;
			children = (
				2A9A9C4819175C9600783F5E /* TestappTests-Info.plist */,
				2A9A9C4919175C9600783F5E /* InfoPlist.strings */,
			);
			name = "Supporting Files";
			sourceTree = "<group>";
		};
/* End PBXGroup section */

/* Begin PBXNativeTarget section */
		2A9A9C1D19175C9500783F5E /* Testapp */ = {
			isa = PBXNativeTarget;
			buildConfigurationList = 2A9A9C5119175C9600783F5E /* Build configuration list for PBXNativeTarget "Testapp" */;
			buildPhases = (
				2A9A9C1A19175C9500783F5E /* Sources */,
				2A9A9C1B19175C9500783F5E /* Frameworks */,
				2A9A9C1C19175C9500783F5E /* Resources */,
			);
			buildRules = (
			);
			dependencies = (
			);
			name = Testapp;
			productName = Testapp;
			productReference = 2A9A9C1E19175C9500783F5E /* Testapp.app */;
			productType = "com.apple.product-type.application";
		};
		2A9A9C3E19175C9600783F5E /* TestappTests */ = {
			isa = PBXNativeTarget;
			buildConfigurationList = 2A9A9C5419175C9600783F5E /* Build configuration list for PBXNativeTarget "TestappTests" */;
			buildPhases = (
				2A9A9C3A19175C9600783F5E /* Sources */,
				2A9A9C3B19175C9600783F5E /* Frameworks */,
				2A9A9C3C19175C9600783F5E /* Resources */,
				2A9A9C3D19175C9600783F5E /* ShellScript */,
			);
			buildRules = (
			);
			dependencies = (
				2A9A9C4519175C9600783F5E /* PBXTargetDependency */,
			);
			name = TestappTests;
			productName = TestappTests;
			productReference = 2A9A9C3F19175C9600783F5E /* TestappTests.octest */;
			productType = "com.apple.product-type.bundle";
		};
/* End PBXNativeTarget section */

/* Begin PBXProject section */
		2A9A9C1519175C9400783F5E /* Project object */ = {
			isa = PBXProject;
			attributes = {
				LastUpgradeCheck = 0420;
			};
			buildConfigurationList = 2A9A9C1819175C9400783F5E /* Build configuration list for PBXProject "Testapp" */;
			compatibilityVersion = "Xcode 3.2";
			developmentRegion = English;
			hasScannedForEncodings = 0;
			knownRegions = (
				en,
			);
			mainGroup = 2A9A9C1319175C9400783F5E;
			productRefGroup = 2A9A9C1F19175C9600783F5E /* Products */;
			projectDirPath = "";
			projectRoot = "";
			targets = (
				2A9A9C1D19175C9500783F5E /* Testapp */,
				2A9A9C3E19175C9600783F5E /* TestappTests */,
			);
		};
/* End PBXProject section */

/* Begin PBXResourcesBuildPhase section */
		2A9A9C1C19175C9500783F5E /* Resources */ = {
			isa = PBXResourcesBuildPhase;
			buildActionMask = 2147483647;
			files = (
				2A9A9C2D19175C9600783F5E /* InfoPlist.strings in Resources */,
				2A9A9C3619175C9600783F5E /* MainStoryboard.storyboard in Resources */,
			);
			runOnlyForDeploymentPostprocessing = 0;
		};
		2A9A9C3C19175C9600783F5E /* Resources */ = {
			isa = PBXResourcesBuildPhase;
			buildActionMask = 2147483647;
			files = (
				2A9A9C4B19175C9600783F5E /* InfoPlist.strings in Resources */,
			);
			runOnlyForDeploymentPostprocessing = 0;
		};
/* End PBXResourcesBuildPhase section */

/* Begin PBXShellScriptBuildPhase section */
		2A9A9C3D19175C9600783F5E /* ShellScript */ = {
			isa = PBXShellScriptBuildPhase;
			buildActionMask = 2147483647;
			files = (
			);
			inputPaths = (
			);
			outputPaths = (
			);
			runOnlyForDeploymentPostprocessing = 0;
			shellPath = /bin/sh;
			shellScript = "# Run the unit tests in this test bundle.\n\"${SYSTEM_DEVELOPER_DIR}/Tools/RunUnitTests\"\n";
		};
/* End PBXShellScriptBuildPhase section */

/* Begin PBXSourcesBuildPhase section */
		2A9A9C1A19175C9500783F5E /* Sources */ = {
			isa = PBXSourcesBuildPhase;
			buildActionMask = 2147483647;
			files = (
				2A9A9C2F19175C9600783F5E /* main.m in Sources */,
				2A9A9C3319175C9600783F5E /* AppDelegate.m in Sources */,
				2A9A9C3919175C9600783F5E /* ViewController.m in Sources */,
				2A927444191A1BFB001F56FF /* view1.m in Sources */,
				2A927448191A1C09001F56FF /* view2.m in Sources */,
			);
			runOnlyForDeploymentPostprocessing = 0;
		};
		2A9A9C3A19175C9600783F5E /* Sources */ = {
			isa = PBXSourcesBuildPhase;
			buildActionMask = 2147483647;
			files = (
				2A9A9C4E19175C9600783F5E /* TestappTests.m in Sources */,
			);
			runOnlyForDeploymentPostprocessing = 0;
		};
/* End PBXSourcesBuildPhase section */

/* Begin PBXTargetDependency section */
		2A9A9C4519175C9600783F5E /* PBXTargetDependency */ = {
			isa = PBXTargetDependency;
			target = 2A9A9C1D19175C9500783F5E /* Testapp */;
			targetProxy = 2A9A9C4419175C9600783F5E /* PBXContainerItemProxy */;
		};
/* End PBXTargetDependency section */

/* Begin PBXVariantGroup section */
		2A9A9C2B19175C9600783F5E /* InfoPlist.strings */ = {
			isa = PBXVariantGroup;
			children = (
				2A9A9C2C19175C9600783F5E /* en */,
			);
			name = InfoPlist.strings;
			sourceTree = "<group>";
		};
		2A9A9C3419175C9600783F5E /* MainStoryboard.storyboard */ = {
			isa = PBXVariantGroup;
			children = (
				2A9A9C3519175C9600783F5E /* en */,
			);
			name = MainStoryboard.storyboard;
			sourceTree = "<group>";
		};
		2A9A9C4919175C9600783F5E /* InfoPlist.strings */ = {
			isa = PBXVariantGroup;
			children = (
				2A9A9C4A19175C9600783F5E /* en */,
			);
			name = InfoPlist.strings;
			sourceTree = "<group>";
		};
/* End PBXVariantGroup section */

/* Begin XCBuildConfiguration section */
		2A9A9C4F19175C9600783F5E /* Debug */ = {
			isa = XCBuildConfiguration;
			buildSettings = {
				ALWAYS_SEARCH_USER_PATHS = NO;
				ARCHS = "$(ARCHS_STANDARD_32_BIT)";
				CLANG_ENABLE_OBJC_ARC = YES;
				"CODE_SIGN_IDENTITY[sdk=iphoneos*]" = "iPhone Developer";
				COPY_PHASE_STRIP = NO;
				GCC_C_LANGUAGE_STANDARD = gnu99;
				GCC_DYNAMIC_NO_PIC = NO;
				GCC_OPTIMIZATION_LEVEL = 0;
				GCC_PREPROCESSOR_DEFINITIONS = (
					"DEBUG=1",
					"$(inherited)",
				);
				GCC_SYMBOLS_PRIVATE_EXTERN = NO;
				GCC_VERSION = com.apple.compilers.llvm.clang.1_0;
				GCC_WARN_ABOUT_MISSING_PROTOTYPES = YES;
				GCC_WARN_ABOUT_RETURN_TYPE = YES;
				GCC_WARN_UNUSED_VARIABLE = YES;
				IPHONEOS_DEPLOYMENT_TARGET = 5.0;
				SDKROOT = iphoneos;
			};
			name = Debug;
		};
		2A9A9C5019175C9600783F5E /* Release */ = {
			isa = XCBuildConfiguration;
			buildSettings = {
				ALWAYS_SEARCH_USER_PATHS = NO;
				ARCHS = "$(ARCHS_STANDARD_32_BIT)";
				CLANG_ENABLE_OBJC_ARC = YES;
				"CODE_SIGN_IDENTITY[sdk=iphoneos*]" = "iPhone Developer";
				COPY_PHASE_STRIP = YES;
				GCC_C_LANGUAGE_STANDARD = gnu99;
				GCC_VERSION = com.apple.compilers.llvm.clang.1_0;
				GCC_WARN_ABOUT_MISSING_PROTOTYPES = YES;
				GCC_WARN_ABOUT_RETURN_TYPE = YES;
				GCC_WARN_UNUSED_VARIABLE = YES;
				IPHONEOS_DEPLOYMENT_TARGET = 5.0;
				OTHER_CFLAGS = "-DNS_BLOCK_ASSERTIONS=1";
				SDKROOT = iphoneos;
				VALIDATE_PRODUCT = YES;
			};
			name = Release;
		};
		2A9A9C5219175C9600783F5E /* Debug */ = {
			isa = XCBuildConfiguration;
			buildSettings = {
				GCC_PRECOMPILE_PREFIX_HEADER = YES;
				GCC_PREFIX_HEADER = "Testapp/Testapp-Prefix.pch";
				INFOPLIST_FILE = "Testapp/Testapp-Info.plist";
				PRODUCT_NAME = "$(TARGET_NAME)";
				WRAPPER_EXTENSION = app;
			};
			name = Debug;
		};
		2A9A9C5319175C9600783F5E /* Release */ = {
			isa = XCBuildConfiguration;
			buildSettings = {
				GCC_PRECOMPILE_PREFIX_HEADER = YES;
				GCC_PREFIX_HEADER = "Testapp/Testapp-Prefix.pch";
				INFOPLIST_FILE = "Testapp/Testapp-Info.plist";
				PRODUCT_NAME = "$(TARGET_NAME)";
				WRAPPER_EXTENSION = app;
			};
			name = Release;
		};
		2A9A9C5519175C9600783F5E /* Debug */ = {
			isa = XCBuildConfiguration;
			buildSettings = {
				BUNDLE_LOADER = "$(BUILT_PRODUCTS_DIR)/Testapp.app/Testapp";
				FRAMEWORK_SEARCH_PATHS = (
					"$(SDKROOT)/Developer/Library/Frameworks",
					"$(DEVELOPER_LIBRARY_DIR)/Frameworks",
				);
				GCC_PRECOMPILE_PREFIX_HEADER = YES;
				GCC_PREFIX_HEADER = "Testapp/Testapp-Prefix.pch";
				INFOPLIST_FILE = "TestappTests/TestappTests-Info.plist";
				PRODUCT_NAME = "$(TARGET_NAME)";
				TEST_HOST = "$(BUNDLE_LOADER)";
				WRAPPER_EXTENSION = octest;
			};
			name = Debug;
		};
		2A9A9C5619175C9600783F5E /* Release */ = {
			isa = XCBuildConfiguration;
			buildSettings = {
				BUNDLE_LOADER = "$(BUILT_PRODUCTS_DIR)/Testapp.app/Testapp";
				FRAMEWORK_SEARCH_PATHS = (
					"$(SDKROOT)/Developer/Library/Frameworks",
					"$(DEVELOPER_LIBRARY_DIR)/Frameworks",
				);
				GCC_PRECOMPILE_PREFIX_HEADER = YES;
				GCC_PREFIX_HEADER = "Testapp/Testapp-Prefix.pch";
				INFOPLIST_FILE = "TestappTests/TestappTests-Info.plist";
				PRODUCT_NAME = "$(TARGET_NAME)";
				TEST_HOST = "$(BUNDLE_LOADER)";
				WRAPPER_EXTENSION = octest;
			};
			name = Release;
		};
/* End XCBuildConfiguration section */

/* Begin XCConfigurationList section */
		2A9A9C1819175C9400783F5E /* Build configuration list for PBXProject "Testapp" */ = {
			isa = XCConfigurationList;
			buildConfigurations = (
				2A9A9C4F19175C9600783F5E /* Debug */,
				2A9A9C5019175C9600783F5E /* Release */,
			);
			defaultConfigurationIsVisible = 0;
			defaultConfigurationName = Release;
		};
		2A9A9C5119175C9600783F5E /* Build configuration list for PBXNativeTarget "Testapp" */ = {
			isa = XCConfigurationList;
			buildConfigurations = (
				2A9A9C5219175C9600783F5E /* Debug */,
				2A9A9C5319175C9600783F5E /* Release */,
			);
			defaultConfigurationIsVisible = 0;
			defaultConfigurationName = Release;
		};
		2A9A9C5419175C9600783F5E /* Build configuration list for PBXNativeTarget "TestappTests" */ = {
			isa = XCConfigurationList;
			buildConfigurations = (
				2A9A9C5519175C9600783F5E /* Debug */,
				2A9A9C5619175C9600783F5E /* Release */,
			);
			defaultConfigurationIsVisible = 0;
			defaultConfigurationName = Release;
		};
/* End XCConfigurationList section */
	};
	rootObject = 2A9A9C1519175C9400783F5E /* Project object */;
}
