// !$*UTF8*$!
{
	archiveVersion = 1;
	classes = {
	};
	objectVersion = 46;
	objects = {

/* Begin PBXBuildFile section */
		2A9A9CB719176E1B00783F5E /* UIKit.framework in Frameworks */ = {isa = PBXBuildFile; fileRef = 2A9A9CB619176E1B00783F5E /* UIKit.framework */; };
		2A9A9CB919176E1B00783F5E /* Foundation.framework in Frameworks */ = {isa = PBXBuildFile; fileRef = 2A9A9CB819176E1B00783F5E /* Foundation.framework */; };
		2A9A9CBB19176E1B00783F5E /* CoreGraphics.framework in Frameworks */ = {isa = PBXBuildFile; fileRef = 2A9A9CBA19176E1B00783F5E /* CoreGraphics.framework */; };
		2A9A9CC119176E1B00783F5E /* InfoPlist.strings in Resources */ = {isa = PBXBuildFile; fileRef = 2A9A9CBF19176E1B00783F5E /* InfoPlist.strings */; };
		2A9A9CC319176E1B00783F5E /* main.m in Sources */ = {isa = PBXBuildFile; fileRef = 2A9A9CC219176E1B00783F5E /* main.m */; };
		2A9A9CC719176E1B00783F5E /* AppDelegate.m in Sources */ = {isa = PBXBuildFile; fileRef = 2A9A9CC619176E1B00783F5E /* AppDelegate.m */; };
		2A9A9CCA19176E1C00783F5E /* MainStoryboard.storyboard in Resources */ = {isa = PBXBuildFile; fileRef = 2A9A9CC819176E1C00783F5E /* MainStoryboard.storyboard */; };
		2A9A9CCD19176E1C00783F5E /* ViewController.m in Sources */ = {isa = PBXBuildFile; fileRef = 2A9A9CCC19176E1C00783F5E /* ViewController.m */; };
		2A9A9CD519176E1C00783F5E /* SenTestingKit.framework in Frameworks */ = {isa = PBXBuildFile; fileRef = 2A9A9CD419176E1C00783F5E /* SenTestingKit.framework */; };
		2A9A9CD619176E1C00783F5E /* UIKit.framework in Frameworks */ = {isa = PBXBuildFile; fileRef = 2A9A9CB619176E1B00783F5E /* UIKit.framework */; };
		2A9A9CD719176E1C00783F5E /* Foundation.framework in Frameworks */ = {isa = PBXBuildFile; fileRef = 2A9A9CB819176E1B00783F5E /* Foundation.framework */; };
		2A9A9CDF19176E1C00783F5E /* InfoPlist.strings in Resources */ = {isa = PBXBuildFile; fileRef = 2A9A9CDD19176E1C00783F5E /* InfoPlist.strings */; };
		2A9A9CE219176E1C00783F5E /* App1Tests.m in Sources */ = {isa = PBXBuildFile; fileRef = 2A9A9CE119176E1C00783F5E /* App1Tests.m */; };
/* End PBXBuildFile section */

/* Begin PBXContainerItemProxy section */
		2A9A9CD819176E1C00783F5E /* PBXContainerItemProxy */ = {
			isa = PBXContainerItemProxy;
			containerPortal = 2A9A9CA919176E1B00783F5E /* Project object */;
			proxyType = 1;
			remoteGlobalIDString = 2A9A9CB119176E1B00783F5E;
			remoteInfo = App1;
		};
/* End PBXContainerItemProxy section */

/* Begin PBXFileReference section */
		2A9A9CB219176E1B00783F5E /* App1.app */ = {isa = PBXFileReference; explicitFileType = wrapper.application; includeInIndex = 0; path = App1.app; sourceTree = BUILT_PRODUCTS_DIR; };
		2A9A9CB619176E1B00783F5E /* UIKit.framework */ = {isa = PBXFileReference; lastKnownFileType = wrapper.framework; name = UIKit.framework; path = System/Library/Frameworks/UIKit.framework; sourceTree = SDKROOT; };
		2A9A9CB819176E1B00783F5E /* Foundation.framework */ = {isa = PBXFileReference; lastKnownFileType = wrapper.framework; name = Foundation.framework; path = System/Library/Frameworks/Foundation.framework; sourceTree = SDKROOT; };
		2A9A9CBA19176E1B00783F5E /* CoreGraphics.framework */ = {isa = PBXFileReference; lastKnownFileType = wrapper.framework; name = CoreGraphics.framework; path = System/Library/Frameworks/CoreGraphics.framework; sourceTree = SDKROOT; };
		2A9A9CBE19176E1B00783F5E /* App1-Info.plist */ = {isa = PBXFileReference; lastKnownFileType = text.plist.xml; path = "App1-Info.plist"; sourceTree = "<group>"; };
		2A9A9CC019176E1B00783F5E /* en */ = {isa = PBXFileReference; lastKnownFileType = text.plist.strings; name = en; path = en.lproj/InfoPlist.strings; sourceTree = "<group>"; };
		2A9A9CC219176E1B00783F5E /* main.m */ = {isa = PBXFileReference; lastKnownFileType = sourcecode.c.objc; path = main.m; sourceTree = "<group>"; };
		2A9A9CC419176E1B00783F5E /* App1-Prefix.pch */ = {isa = PBXFileReference; lastKnownFileType = sourcecode.c.h; path = "App1-Prefix.pch"; sourceTree = "<group>"; };
		2A9A9CC519176E1B00783F5E /* AppDelegate.h */ = {isa = PBXFileReference; lastKnownFileType = sourcecode.c.h; path = AppDelegate.h; sourceTree = "<group>"; };
		2A9A9CC619176E1B00783F5E /* AppDelegate.m */ = {isa = PBXFileReference; lastKnownFileType = sourcecode.c.objc; path = AppDelegate.m; sourceTree = "<group>"; };
		2A9A9CC919176E1C00783F5E /* en */ = {isa = PBXFileReference; lastKnownFileType = file.storyboard; name = en; path = en.lproj/MainStoryboard.storyboard; sourceTree = "<group>"; };
		2A9A9CCB19176E1C00783F5E /* ViewController.h */ = {isa = PBXFileReference; lastKnownFileType = sourcecode.c.h; path = ViewController.h; sourceTree = "<group>"; };
		2A9A9CCC19176E1C00783F5E /* ViewController.m */ = {isa = PBXFileReference; lastKnownFileType = sourcecode.c.objc; path = ViewController.m; sourceTree = "<group>"; };
		2A9A9CD319176E1C00783F5E /* App1Tests.octest */ = {isa = PBXFileReference; explicitFileType = wrapper.cfbundle; includeInIndex = 0; path = App1Tests.octest; sourceTree = BUILT_PRODUCTS_DIR; };
		2A9A9CD419176E1C00783F5E /* SenTestingKit.framework */ = {isa = PBXFileReference; lastKnownFileType = wrapper.framework; name = SenTestingKit.framework; path = Library/Frameworks/SenTestingKit.framework; sourceTree = DEVELOPER_DIR; };
		2A9A9CDC19176E1C00783F5E /* App1Tests-Info.plist */ = {isa = PBXFileReference; lastKnownFileType = text.plist.xml; path = "App1Tests-Info.plist"; sourceTree = "<group>"; };
		2A9A9CDE19176E1C00783F5E /* en */ = {isa = PBXFileReference; lastKnownFileType = text.plist.strings; name = en; path = en.lproj/InfoPlist.strings; sourceTree = "<group>"; };
		2A9A9CE019176E1C00783F5E /* App1Tests.h */ = {isa = PBXFileReference; lastKnownFileType = sourcecode.c.h; path = App1Tests.h; sourceTree = "<group>"; };
		2A9A9CE119176E1C00783F5E /* App1Tests.m */ = {isa = PBXFileReference; lastKnownFileType = sourcecode.c.objc; path = App1Tests.m; sourceTree = "<group>"; };
/* End PBXFileReference section */

/* Begin PBXFrameworksBuildPhase section */
		2A9A9CAF19176E1B00783F5E /* Frameworks */ = {
			isa = PBXFrameworksBuildPhase;
			buildActionMask = 2147483647;
			files = (
				2A9A9CB719176E1B00783F5E /* UIKit.framework in Frameworks */,
				2A9A9CB919176E1B00783F5E /* Foundation.framework in Frameworks */,
				2A9A9CBB19176E1B00783F5E /* CoreGraphics.framework in Frameworks */,
			);
			runOnlyForDeploymentPostprocessing = 0;
		};
		2A9A9CCF19176E1C00783F5E /* Frameworks */ = {
			isa = PBXFrameworksBuildPhase;
			buildActionMask = 2147483647;
			files = (
				2A9A9CD519176E1C00783F5E /* SenTestingKit.framework in Frameworks */,
				2A9A9CD619176E1C00783F5E /* UIKit.framework in Frameworks */,
				2A9A9CD719176E1C00783F5E /* Foundation.framework in Frameworks */,
			);
			runOnlyForDeploymentPostprocessing = 0;
		};
/* End PBXFrameworksBuildPhase section */

/* Begin PBXGroup section */
		2A9A9CA719176E1B00783F5E = {
			isa = PBXGroup;
			children = (
				2A9A9CBC19176E1B00783F5E /* App1 */,
				2A9A9CDA19176E1C00783F5E /* App1Tests */,
				2A9A9CB519176E1B00783F5E /* Frameworks */,
				2A9A9CB319176E1B00783F5E /* Products */,
			);
			sourceTree = "<group>";
		};
		2A9A9CB319176E1B00783F5E /* Products */ = {
			isa = PBXGroup;
			children = (
				2A9A9CB219176E1B00783F5E /* App1.app */,
				2A9A9CD319176E1C00783F5E /* App1Tests.octest */,
			);
			name = Products;
			sourceTree = "<group>";
		};
		2A9A9CB519176E1B00783F5E /* Frameworks */ = {
			isa = PBXGroup;
			children = (
				2A9A9CB619176E1B00783F5E /* UIKit.framework */,
				2A9A9CB819176E1B00783F5E /* Foundation.framework */,
				2A9A9CBA19176E1B00783F5E /* CoreGraphics.framework */,
				2A9A9CD419176E1C00783F5E /* SenTestingKit.framework */,
			);
			name = Frameworks;
			sourceTree = "<group>";
		};
		2A9A9CBC19176E1B00783F5E /* App1 */ = {
			isa = PBXGroup;
			children = (
				2A9A9CC519176E1B00783F5E /* AppDelegate.h */,
				2A9A9CC619176E1B00783F5E /* AppDelegate.m */,
				2A9A9CC819176E1C00783F5E /* MainStoryboard.storyboard */,
				2A9A9CCB19176E1C00783F5E /* ViewController.h */,
				2A9A9CCC19176E1C00783F5E /* ViewController.m */,
				2A9A9CBD19176E1B00783F5E /* Supporting Files */,
			);
			path = App1;
			sourceTree = "<group>";
		};
		2A9A9CBD19176E1B00783F5E /* Supporting Files */ = {
			isa = PBXGroup;
			children = (
				2A9A9CBE19176E1B00783F5E /* App1-Info.plist */,
				2A9A9CBF19176E1B00783F5E /* InfoPlist.strings */,
				2A9A9CC219176E1B00783F5E /* main.m */,
				2A9A9CC419176E1B00783F5E /* App1-Prefix.pch */,
			);
			name = "Supporting Files";
			sourceTree = "<group>";
		};
		2A9A9CDA19176E1C00783F5E /* App1Tests */ = {
			isa = PBXGroup;
			children = (
				2A9A9CE019176E1C00783F5E /* App1Tests.h */,
				2A9A9CE119176E1C00783F5E /* App1Tests.m */,
				2A9A9CDB19176E1C00783F5E /* Supporting Files */,
			);
			path = App1Tests;
			sourceTree = "<group>";
		};
		2A9A9CDB19176E1C00783F5E /* Supporting Files */ = {
			isa = PBXGroup;
			children = (
				2A9A9CDC19176E1C00783F5E /* App1Tests-Info.plist */,
				2A9A9CDD19176E1C00783F5E /* InfoPlist.strings */,
			);
			name = "Supporting Files";
			sourceTree = "<group>";
		};
/* End PBXGroup section */

/* Begin PBXNativeTarget section */
		2A9A9CB119176E1B00783F5E /* App1 */ = {
			isa = PBXNativeTarget;
			buildConfigurationList = 2A9A9CE519176E1C00783F5E /* Build configuration list for PBXNativeTarget "App1" */;
			buildPhases = (
				2A9A9CAE19176E1B00783F5E /* Sources */,
				2A9A9CAF19176E1B00783F5E /* Frameworks */,
				2A9A9CB019176E1B00783F5E /* Resources */,
			);
			buildRules = (
			);
			dependencies = (
			);
			name = App1;
			productName = App1;
			productReference = 2A9A9CB219176E1B00783F5E /* App1.app */;
			productType = "com.apple.product-type.application";
		};
		2A9A9CD219176E1C00783F5E /* App1Tests */ = {
			isa = PBXNativeTarget;
			buildConfigurationList = 2A9A9CE819176E1C00783F5E /* Build configuration list for PBXNativeTarget "App1Tests" */;
			buildPhases = (
				2A9A9CCE19176E1C00783F5E /* Sources */,
				2A9A9CCF19176E1C00783F5E /* Frameworks */,
				2A9A9CD019176E1C00783F5E /* Resources */,
				2A9A9CD119176E1C00783F5E /* ShellScript */,
			);
			buildRules = (
			);
			dependencies = (
				2A9A9CD919176E1C00783F5E /* PBXTargetDependency */,
			);
			name = App1Tests;
			productName = App1Tests;
			productReference = 2A9A9CD319176E1C00783F5E /* App1Tests.octest */;
			productType = "com.apple.product-type.bundle";
		};
/* End PBXNativeTarget section */

/* Begin PBXProject section */
		2A9A9CA919176E1B00783F5E /* Project object */ = {
			isa = PBXProject;
			attributes = {
				LastUpgradeCheck = 0420;
			};
			buildConfigurationList = 2A9A9CAC19176E1B00783F5E /* Build configuration list for PBXProject "App1" */;
			compatibilityVersion = "Xcode 3.2";
			developmentRegion = English;
			hasScannedForEncodings = 0;
			knownRegions = (
				en,
			);
			mainGroup = 2A9A9CA719176E1B00783F5E;
			productRefGroup = 2A9A9CB319176E1B00783F5E /* Products */;
			projectDirPath = "";
			projectRoot = "";
			targets = (
				2A9A9CB119176E1B00783F5E /* App1 */,
				2A9A9CD219176E1C00783F5E /* App1Tests */,
			);
		};
/* End PBXProject section */

/* Begin PBXResourcesBuildPhase section */
		2A9A9CB019176E1B00783F5E /* Resources */ = {
			isa = PBXResourcesBuildPhase;
			buildActionMask = 2147483647;
			files = (
				2A9A9CC119176E1B00783F5E /* InfoPlist.strings in Resources */,
				2A9A9CCA19176E1C00783F5E /* MainStoryboard.storyboard in Resources */,
			);
			runOnlyForDeploymentPostprocessing = 0;
		};
		2A9A9CD019176E1C00783F5E /* Resources */ = {
			isa = PBXResourcesBuildPhase;
			buildActionMask = 2147483647;
			files = (
				2A9A9CDF19176E1C00783F5E /* InfoPlist.strings in Resources */,
			);
			runOnlyForDeploymentPostprocessing = 0;
		};
/* End PBXResourcesBuildPhase section */

/* Begin PBXShellScriptBuildPhase section */
		2A9A9CD119176E1C00783F5E /* ShellScript */ = {
			isa = PBXShellScriptBuildPhase;
			buildActionMask = 2147483647;
			files = (
			);
			inputPaths = (
			);
			outputPaths = (
			);
			runOnlyForDeploymentPostprocessing = 0;
			shellPath = /bin/sh;
			shellScript = "# Run the unit tests in this test bundle.\n\"${SYSTEM_DEVELOPER_DIR}/Tools/RunUnitTests\"\n";
		};
/* End PBXShellScriptBuildPhase section */

/* Begin PBXSourcesBuildPhase section */
		2A9A9CAE19176E1B00783F5E /* Sources */ = {
			isa = PBXSourcesBuildPhase;
			buildActionMask = 2147483647;
			files = (
				2A9A9CC319176E1B00783F5E /* main.m in Sources */,
				2A9A9CC719176E1B00783F5E /* AppDelegate.m in Sources */,
				2A9A9CCD19176E1C00783F5E /* ViewController.m in Sources */,
			);
			runOnlyForDeploymentPostprocessing = 0;
		};
		2A9A9CCE19176E1C00783F5E /* Sources */ = {
			isa = PBXSourcesBuildPhase;
			buildActionMask = 2147483647;
			files = (
				2A9A9CE219176E1C00783F5E /* App1Tests.m in Sources */,
			);
			runOnlyForDeploymentPostprocessing = 0;
		};
/* End PBXSourcesBuildPhase section */

/* Begin PBXTargetDependency section */
		2A9A9CD919176E1C00783F5E /* PBXTargetDependency */ = {
			isa = PBXTargetDependency;
			target = 2A9A9CB119176E1B00783F5E /* App1 */;
			targetProxy = 2A9A9CD819176E1C00783F5E /* PBXContainerItemProxy */;
		};
/* End PBXTargetDependency section */

/* Begin PBXVariantGroup section */
		2A9A9CBF19176E1B00783F5E /* InfoPlist.strings */ = {
			isa = PBXVariantGroup;
			children = (
				2A9A9CC019176E1B00783F5E /* en */,
			);
			name = InfoPlist.strings;
			sourceTree = "<group>";
		};
		2A9A9CC819176E1C00783F5E /* MainStoryboard.storyboard */ = {
			isa = PBXVariantGroup;
			children = (
				2A9A9CC919176E1C00783F5E /* en */,
			);
			name = MainStoryboard.storyboard;
			sourceTree = "<group>";
		};
		2A9A9CDD19176E1C00783F5E /* InfoPlist.strings */ = {
			isa = PBXVariantGroup;
			children = (
				2A9A9CDE19176E1C00783F5E /* en */,
			);
			name = InfoPlist.strings;
			sourceTree = "<group>";
		};
/* End PBXVariantGroup section */

/* Begin XCBuildConfiguration section */
		2A9A9CE319176E1C00783F5E /* Debug */ = {
			isa = XCBuildConfiguration;
			buildSettings = {
				ALWAYS_SEARCH_USER_PATHS = NO;
				ARCHS = "$(ARCHS_STANDARD_32_BIT)";
				CLANG_ENABLE_OBJC_ARC = YES;
				"CODE_SIGN_IDENTITY[sdk=iphoneos*]" = "iPhone Developer";
				COPY_PHASE_STRIP = NO;
				GCC_C_LANGUAGE_STANDARD = gnu99;
				GCC_DYNAMIC_NO_PIC = NO;
				GCC_OPTIMIZATION_LEVEL = 0;
				GCC_PREPROCESSOR_DEFINITIONS = (
					"DEBUG=1",
					"$(inherited)",
				);
				GCC_SYMBOLS_PRIVATE_EXTERN = NO;
				GCC_VERSION = com.apple.compilers.llvm.clang.1_0;
				GCC_WARN_ABOUT_MISSING_PROTOTYPES = YES;
				GCC_WARN_ABOUT_RETURN_TYPE = YES;
				GCC_WARN_UNUSED_VARIABLE = YES;
				IPHONEOS_DEPLOYMENT_TARGET = 5.0;
				SDKROOT = iphoneos;
			};
			name = Debug;
		};
		2A9A9CE419176E1C00783F5E /* Release */ = {
			isa = XCBuildConfiguration;
			buildSettings = {
				ALWAYS_SEARCH_USER_PATHS = NO;
				ARCHS = "$(ARCHS_STANDARD_32_BIT)";
				CLANG_ENABLE_OBJC_ARC = YES;
				"CODE_SIGN_IDENTITY[sdk=iphoneos*]" = "iPhone Developer";
				COPY_PHASE_STRIP = YES;
				GCC_C_LANGUAGE_STANDARD = gnu99;
				GCC_VERSION = com.apple.compilers.llvm.clang.1_0;
				GCC_WARN_ABOUT_MISSING_PROTOTYPES = YES;
				GCC_WARN_ABOUT_RETURN_TYPE = YES;
				GCC_WARN_UNUSED_VARIABLE = YES;
				IPHONEOS_DEPLOYMENT_TARGET = 5.0;
				OTHER_CFLAGS = "-DNS_BLOCK_ASSERTIONS=1";
				SDKROOT = iphoneos;
				VALIDATE_PRODUCT = YES;
			};
			name = Release;
		};
		2A9A9CE619176E1C00783F5E /* Debug */ = {
			isa = XCBuildConfiguration;
			buildSettings = {
				GCC_PRECOMPILE_PREFIX_HEADER = YES;
				GCC_PREFIX_HEADER = "App1/App1-Prefix.pch";
				INFOPLIST_FILE = "App1/App1-Info.plist";
				PRODUCT_NAME = "$(TARGET_NAME)";
				WRAPPER_EXTENSION = app;
			};
			name = Debug;
		};
		2A9A9CE719176E1C00783F5E /* Release */ = {
			isa = XCBuildConfiguration;
			buildSettings = {
				GCC_PRECOMPILE_PREFIX_HEADER = YES;
				GCC_PREFIX_HEADER = "App1/App1-Prefix.pch";
				INFOPLIST_FILE = "App1/App1-Info.plist";
				PRODUCT_NAME = "$(TARGET_NAME)";
				WRAPPER_EXTENSION = app;
			};
			name = Release;
		};
		2A9A9CE919176E1C00783F5E /* Debug */ = {
			isa = XCBuildConfiguration;
			buildSettings = {
				BUNDLE_LOADER = "$(BUILT_PRODUCTS_DIR)/App1.app/App1";
				FRAMEWORK_SEARCH_PATHS = (
					"$(SDKROOT)/Developer/Library/Frameworks",
					"$(DEVELOPER_LIBRARY_DIR)/Frameworks",
				);
				GCC_PRECOMPILE_PREFIX_HEADER = YES;
				GCC_PREFIX_HEADER = "App1/App1-Prefix.pch";
				INFOPLIST_FILE = "App1Tests/App1Tests-Info.plist";
				PRODUCT_NAME = "$(TARGET_NAME)";
				TEST_HOST = "$(BUNDLE_LOADER)";
				WRAPPER_EXTENSION = octest;
			};
			name = Debug;
		};
		2A9A9CEA19176E1C00783F5E /* Release */ = {
			isa = XCBuildConfiguration;
			buildSettings = {
				BUNDLE_LOADER = "$(BUILT_PRODUCTS_DIR)/App1.app/App1";
				FRAMEWORK_SEARCH_PATHS = (
					"$(SDKROOT)/Developer/Library/Frameworks",
					"$(DEVELOPER_LIBRARY_DIR)/Frameworks",
				);
				GCC_PRECOMPILE_PREFIX_HEADER = YES;
				GCC_PREFIX_HEADER = "App1/App1-Prefix.pch";
				INFOPLIST_FILE = "App1Tests/App1Tests-Info.plist";
				PRODUCT_NAME = "$(TARGET_NAME)";
				TEST_HOST = "$(BUNDLE_LOADER)";
				WRAPPER_EXTENSION = octest;
			};
			name = Release;
		};
/* End XCBuildConfiguration section */

/* Begin XCConfigurationList section */
		2A9A9CAC19176E1B00783F5E /* Build configuration list for PBXProject "App1" */ = {
			isa = XCConfigurationList;
			buildConfigurations = (
				2A9A9CE319176E1C00783F5E /* Debug */,
				2A9A9CE419176E1C00783F5E /* Release */,
			);
			defaultConfigurationIsVisible = 0;
			defaultConfigurationName = Release;
		};
		2A9A9CE519176E1C00783F5E /* Build configuration list for PBXNativeTarget "App1" */ = {
			isa = XCConfigurationList;
			buildConfigurations = (
				2A9A9CE619176E1C00783F5E /* Debug */,
				2A9A9CE719176E1C00783F5E /* Release */,
			);
			defaultConfigurationIsVisible = 0;
		};
		2A9A9CE819176E1C00783F5E /* Build configuration list for PBXNativeTarget "App1Tests" */ = {
			isa = XCConfigurationList;
			buildConfigurations = (
				2A9A9CE919176E1C00783F5E /* Debug */,
				2A9A9CEA19176E1C00783F5E /* Release */,
			);
			defaultConfigurationIsVisible = 0;
		};
/* End XCConfigurationList section */
	};
	rootObject = 2A9A9CA919176E1B00783F5E /* Project object */;
}
